
Microsoft Visual Studio Solution File, Format Version 12.00
# Visual Studio Version 17
VisualStudioVersion = 17.0.31805.14
MinimumVisualStudioVersion = 10.0.40219.1
Project("{9A19103F-16F7-4668-BE54-9A1E7A4F7556}") = "DotnetMonitorConfiguration", "DotnetMonitorConfiguration.csproj", "{B9A76160-330D-4AC7-85A8-5AAF55B7DAE9}"
EndProject
Project("{9A19103F-16F7-4668-BE54-9A1E7A4F7556}") = "DotnetMonitorConfigurationTests", "..\DotnetMonitorConfigurationTests\DotnetMonitorConfigurationTests.csproj", "{16757C2A-5497-4CE6-8D53-EC8DFFA8AD94}"
EndProject
Global
	GlobalSection(SolutionConfigurationPlatforms) = preSolution
		Debug|Any CPU = Debug|Any CPU
		Release|Any CPU = Release|Any CPU
	EndGlobalSection
	GlobalSection(ProjectConfigurationPlatforms) = postSolution
		{B9A76160-330D-4AC7-85A8-5AAF55B7DAE9}.Debug|Any CPU.ActiveCfg = Debug|Any CPU
		{B9A76160-330D-4AC7-85A8-5AAF55B7DAE9}.Debug|Any CPU.Build.0 = Debug|Any CPU
		{B9A76160-330D-4AC7-85A8-5AAF55B7DAE9}.Release|Any CPU.ActiveCfg = Release|Any CPU
		{B9A76160-330D-4AC7-85A8-5AAF55B7DAE9}.Release|Any CPU.Build.0 = Release|Any CPU
		{16757C2A-5497-4CE6-8D53-EC8DFFA8AD94}.Debug|Any CPU.ActiveCfg = Debug|Any CPU
		{16757C2A-5497-4CE6-8D53-EC8DFFA8AD94}.Debug|Any CPU.Build.0 = Debug|Any CPU
		{16757C2A-5497-4CE6-8D53-EC8DFFA8AD94}.Release|Any CPU.ActiveCfg = Release|Any CPU
		{16757C2A-5497-4CE6-8D53-EC8DFFA8AD94}.Release|Any CPU.Build.0 = Release|Any CPU
	EndGlobalSection
	GlobalSection(SolutionProperties) = preSolution
		HideSolutionNode = FALSE
	EndGlobalSection
	GlobalSection(ExtensibilityGlobals) = postSolution
		SolutionGuid = {41E9719E-BAF9-4E74-A178-FE7E3E526624}
	EndGlobalSection
EndGlobal
